
Microsoft Visual Studio Solution File, Format Version 12.00
# Visual Studio Version 17
VisualStudioVersion = 17.14.36518.9 d17.14
MinimumVisualStudioVersion = 10.0.40219.1
Project("{FAE04EC0-301F-11D3-BF4B-00C04F79EFBC}") = "attendenceProject", "attendenceProject\attendenceProject.csproj", "{7FCADFDB-03CF-495B-A010-B9CD7325AC15}"
EndProject
Project("{FAE04EC0-301F-11D3-BF4B-00C04F79EFBC}") = "attendence.Domain", "attendence.Domain\attendence.Domain.csproj", "{8B480F34-319F-4F5B-806B-DFC8D899DC9E}"
EndProject
Project("{FAE04EC0-301F-11D3-BF4B-00C04F79EFBC}") = "attendence.Services", "attendence.Services\attendence.Services.csproj", "{871E2144-5FA3-4F2E-B0DB-2AF1F870B5F7}"
EndProject
Project("{FAE04EC0-301F-11D3-BF4B-00C04F79EFBC}") = "attendence.Data", "attendence.Data\attendence.Data.csproj", "{89A02DD7-2714-4BA7-9CEA-FBACB04A109B}"
EndProject
Project("{FAE04EC0-301F-11D3-BF4B-00C04F79EFBC}") = "attendence.Tests", "attendence.Tests\attendence.Tests.csproj", "{2110551F-1C94-4360-AE38-7460E3A01141}"
EndProject
Global
	GlobalSection(SolutionConfigurationPlatforms) = preSolution
		Debug|Any CPU = Debug|Any CPU
		Release|Any CPU = Release|Any CPU
	EndGlobalSection
	GlobalSection(ProjectConfigurationPlatforms) = postSolution
		{7FCADFDB-03CF-495B-A010-B9CD7325AC15}.Debug|Any CPU.ActiveCfg = Debug|Any CPU
		{7FCADFDB-03CF-495B-A010-B9CD7325AC15}.Debug|Any CPU.Build.0 = Debug|Any CPU
		{7FCADFDB-03CF-495B-A010-B9CD7325AC15}.Release|Any CPU.ActiveCfg = Release|Any CPU
		{7FCADFDB-03CF-495B-A010-B9CD7325AC15}.Release|Any CPU.Build.0 = Release|Any CPU
		{8B480F34-319F-4F5B-806B-DFC8D899DC9E}.Debug|Any CPU.ActiveCfg = Debug|Any CPU
		{8B480F34-319F-4F5B-806B-DFC8D899DC9E}.Debug|Any CPU.Build.0 = Debug|Any CPU
		{8B480F34-319F-4F5B-806B-DFC8D899DC9E}.Release|Any CPU.ActiveCfg = Release|Any CPU
		{8B480F34-319F-4F5B-806B-DFC8D899DC9E}.Release|Any CPU.Build.0 = Release|Any CPU
		{871E2144-5FA3-4F2E-B0DB-2AF1F870B5F7}.Debug|Any CPU.ActiveCfg = Debug|Any CPU
		{871E2144-5FA3-4F2E-B0DB-2AF1F870B5F7}.Debug|Any CPU.Build.0 = Debug|Any CPU
		{871E2144-5FA3-4F2E-B0DB-2AF1F870B5F7}.Release|Any CPU.ActiveCfg = Release|Any CPU
		{871E2144-5FA3-4F2E-B0DB-2AF1F870B5F7}.Release|Any CPU.Build.0 = Release|Any CPU
		{89A02DD7-2714-4BA7-9CEA-FBACB04A109B}.Debug|Any CPU.ActiveCfg = Debug|Any CPU
		{89A02DD7-2714-4BA7-9CEA-FBACB04A109B}.Debug|Any CPU.Build.0 = Debug|Any CPU
		{89A02DD7-2714-4BA7-9CEA-FBACB04A109B}.Release|Any CPU.ActiveCfg = Release|Any CPU
		{89A02DD7-2714-4BA7-9CEA-FBACB04A109B}.Release|Any CPU.Build.0 = Release|Any CPU
		{2110551F-1C94-4360-AE38-7460E3A01141}.Debug|Any CPU.ActiveCfg = Debug|Any CPU
		{2110551F-1C94-4360-AE38-7460E3A01141}.Debug|Any CPU.Build.0 = Debug|Any CPU
		{2110551F-1C94-4360-AE38-7460E3A01141}.Release|Any CPU.ActiveCfg = Release|Any CPU
		{2110551F-1C94-4360-AE38-7460E3A01141}.Release|Any CPU.Build.0 = Release|Any CPU
	EndGlobalSection
	GlobalSection(SolutionProperties) = preSolution
		HideSolutionNode = FALSE
	EndGlobalSection
	GlobalSection(ExtensibilityGlobals) = postSolution
		SolutionGuid = {97F8AB3F-DB79-48D2-86E9-714B6F99C8FB}
	EndGlobalSection
EndGlobal
